{
  "nodes": {
    "graftDogfoodSrc": {
      "flake": false,
      "locked": {
        "lastModified": 1790640926,
        "narHash": "sha256-DZE8Jpfx6+GVjy9RMyIq6INOKQrdY2rzyxQb3V7Wj8o=",
        "owner": "ivanpointer",
        "repo": "Graft",
        "rev": "0b0f06c891e6264f1de749229f959bf0f1f67d62",
        "type": "github"
      },
      "original": {
        "owner": "ivanpointer",
        "repo": "Graft",
        "rev": "0b0f06c891e6264f1de749229f959bf0f1f67d62",
        "type": "github"
      }
    },
    "nix-darwin": {
      "inputs": {
        "nixpkgs": [
          "nixpkgs"
        ]
      },
      "locked": {
        "lastModified": 1786845137,
        "narHash": "sha256-oQFip+v0luP8NIxJzmiW4Wu8bILsbFWom5l0zonl8hQ=",
        "owner": "nix-darwin",
        "repo": "nix-darwin",
        "rev": "4cff07de74b50e64bdd68cd4e722ab5b6b35ee48",
        "type": "github"
      },
      "original": {
        "owner": "nix-darwin",
        "ref": "master",
        "repo": "nix-darwin",
        "type": "github"
      }
    },
    "nixpkgs": {
      "locked": {
        "lastModified": 1789724158,
        "narHash": "sha256-nlKgrm0dsVhOSopKheVBCcOpiIticufPPVLdVOI0euA=",
        "owner": "NixOS",
        "repo": "nixpkgs",
        "rev": "0a3468a402c449992505b6a9fc5b06580141b750",
        "type": "github"
      },
      "original": {
        "owner": "NixOS",
        "ref": "nixpkgs-unstable",
        "repo": "nixpkgs",
        "type": "github"
      }
    },
    "root": {
      "inputs": {
        "graftDogfoodSrc": "graftDogfoodSrc",
        "nix-darwin": "nix-darwin",
        "nixpkgs": "nixpkgs"
      }
    }
  },
  "root": "root",
  "version": 7
}
